
Microsoft Visual Studio Solution File, Format Version 12.00
# Visual Studio 15
VisualStudioVersion = 15.0.28307.902
MinimumVisualStudioVersion = 10.0.40219.1
Project("{FAE04EC0-301F-11D3-BF4B-00C04F79EFBC}") = "CrudPeliculas", "CrudPeliculas\CrudPeliculas.csproj", "{23A3FCBD-12AE-4488-BBD8-29AC36B65104}"
EndProject
Global
	GlobalSection(SolutionConfigurationPlatforms) = preSolution
		Debug|Any CPU = Debug|Any CPU
		Release|Any CPU = Release|Any CPU
	EndGlobalSection
	GlobalSection(ProjectConfigurationPlatforms) = postSolution
		{23A3FCBD-12AE-4488-BBD8-29AC36B65104}.Debug|Any CPU.ActiveCfg = Debug|Any CPU
		{23A3FCBD-12AE-4488-BBD8-29AC36B65104}.Debug|Any CPU.Build.0 = Debug|Any CPU
		{23A3FCBD-12AE-4488-BBD8-29AC36B65104}.Release|Any CPU.ActiveCfg = Release|Any CPU
		{23A3FCBD-12AE-4488-BBD8-29AC36B65104}.Release|Any CPU.Build.0 = Release|Any CPU
	EndGlobalSection
	GlobalSection(SolutionProperties) = preSolution
		HideSolutionNode = FALSE
	EndGlobalSection
	GlobalSection(ExtensibilityGlobals) = postSolution
		SolutionGuid = {6553475B-B9AB-4891-A0F8-24808DDA0258}
	EndGlobalSection
EndGlobal
